{
  "name": "sae",
  "version": "1.0.0",
  "lockfileVersion": 3,
  "requires": true,
  "packages": {
    "": {
      "name": "sae",
      "version": "1.0.0",
      "license": "ISC",
      "dependencies": {
        "@influxdata/influxdb-client": "^1.35.0",
        "@influxdata/influxdb-client-apis": "^1.35.0",
        "influxdb-client": "^0.0.1"
      }
    },
    "node_modules/@influxdata/influxdb-client": {
      "version": "1.35.0",
      "resolved": "https://registry.npmjs.org/@influxdata/influxdb-client/-/influxdb-client-1.35.0.tgz",
      "integrity": "sha512-woWMi8PDpPQpvTsRaUw4Ig+nOGS/CWwAwS66Fa1Vr/EkW+NEwxI8YfPBsdBMn33jK2Y86/qMiiuX/ROHIkJLTw==",
      "license": "MIT"
    },
    "node_modules/@influxdata/influxdb-client-apis": {
      "version": "1.35.0",
      "resolved": "https://registry.npmjs.org/@influxdata/influxdb-client-apis/-/influxdb-client-apis-1.35.0.tgz",
      "integrity": "sha512-+7h6smVPHYBge2rNKgYh/5k+SriYvPMsoJDfbUiQt1vJtpWnElwgBDLDl7Cr6d9XPC+FCI9GP4GQEMv7y8WxdA==",
      "license": "MIT",
      "peerDependencies": {
        "@influxdata/influxdb-client": "*"
      }
    },
    "node_modules/bluebird": {
      "version": "2.11.0",
      "resolved": "https://registry.npmjs.org/bluebird/-/bluebird-2.11.0.tgz",
      "integrity": "sha512-UfFSr22dmHPQqPP9XWHRhq+gWnHCYguQGkXQlbyPtW5qTnhFWA8/iXg765tH0cAjy7l/zPJ1aBTO0g5XgA7kvQ==",
      "license": "MIT"
    },
    "node_modules/influxdb-client": {
      "version": "0.0.1",
      "resolved": "https://registry.npmjs.org/influxdb-client/-/influxdb-client-0.0.1.tgz",
      "integrity": "sha512-ayrITvCwAp8hJ0GoZV5Y798Ke/4liArOZ5IkNb1yjZ9Ins3gioOMEgvz98TjkUH0ywPRG7PmrHjFG1v9tuyPkA==",
      "license": "MIT",
      "dependencies": {
        "bluebird": "^2.9.30",
        "lodash": "^3.9.3"
      }
    },
    "node_modules/lodash": {
      "version": "3.10.1",
      "resolved": "https://registry.npmjs.org/lodash/-/lodash-3.10.1.tgz",
      "integrity": "sha512-9mDDwqVIma6OZX79ZlDACZl8sBm0TEnkf99zV3iMA4GzkIT/9hiqP5mY0HoT1iNLCrKc/R1HByV+yJfRWVJryQ==",
      "license": "MIT"
    }
  }
}
